
Microsoft Visual Studio Solution File, Format Version 12.00
# Visual Studio 2013
VisualStudioVersion = 12.0.30723.0
MinimumVisualStudioVersion = 10.0.40219.1
Project("{FAE04EC0-301F-11D3-BF4B-00C04F79EFBC}") = "Risk.Service", "Service\Risk.Service\Risk.Service.csproj", "{6C010BB8-F483-4A9A-B22F-288E7DFCFFB7}"
EndProject
Project("{FAE04EC0-301F-11D3-BF4B-00C04F79EFBC}") = "Risk.Client", "Client\Risk.Client\Risk.Client.csproj", "{F9B76ABF-0D98-4762-BE4D-CB7EB64893F5}"
EndProject
Project("{FAE04EC0-301F-11D3-BF4B-00C04F79EFBC}") = "Risk.Model", "Model\Risk.Model.csproj", "{4074E13F-82BA-4154-84A1-DA5BEAA97780}"
EndProject
Project("{FAE04EC0-301F-11D3-BF4B-00C04F79EFBC}") = "Risk.Test", "Test\Risk.Test\Risk.Test.csproj", "{265E58EE-CF4F-4B6E-A928-EEF957E884E5}"
EndProject
Global
	GlobalSection(SolutionConfigurationPlatforms) = preSolution
		Debug|Any CPU = Debug|Any CPU
		Release|Any CPU = Release|Any CPU
	EndGlobalSection
	GlobalSection(ProjectConfigurationPlatforms) = postSolution
		{6C010BB8-F483-4A9A-B22F-288E7DFCFFB7}.Debug|Any CPU.ActiveCfg = Debug|Any CPU
		{6C010BB8-F483-4A9A-B22F-288E7DFCFFB7}.Debug|Any CPU.Build.0 = Debug|Any CPU
		{6C010BB8-F483-4A9A-B22F-288E7DFCFFB7}.Release|Any CPU.ActiveCfg = Release|Any CPU
		{6C010BB8-F483-4A9A-B22F-288E7DFCFFB7}.Release|Any CPU.Build.0 = Release|Any CPU
		{F9B76ABF-0D98-4762-BE4D-CB7EB64893F5}.Debug|Any CPU.ActiveCfg = Debug|Any CPU
		{F9B76ABF-0D98-4762-BE4D-CB7EB64893F5}.Debug|Any CPU.Build.0 = Debug|Any CPU
		{F9B76ABF-0D98-4762-BE4D-CB7EB64893F5}.Release|Any CPU.ActiveCfg = Release|Any CPU
		{F9B76ABF-0D98-4762-BE4D-CB7EB64893F5}.Release|Any CPU.Build.0 = Release|Any CPU
		{4074E13F-82BA-4154-84A1-DA5BEAA97780}.Debug|Any CPU.ActiveCfg = Debug|Any CPU
		{4074E13F-82BA-4154-84A1-DA5BEAA97780}.Debug|Any CPU.Build.0 = Debug|Any CPU
		{4074E13F-82BA-4154-84A1-DA5BEAA97780}.Release|Any CPU.ActiveCfg = Release|Any CPU
		{4074E13F-82BA-4154-84A1-DA5BEAA97780}.Release|Any CPU.Build.0 = Release|Any CPU
		{265E58EE-CF4F-4B6E-A928-EEF957E884E5}.Debug|Any CPU.ActiveCfg = Debug|Any CPU
		{265E58EE-CF4F-4B6E-A928-EEF957E884E5}.Debug|Any CPU.Build.0 = Debug|Any CPU
		{265E58EE-CF4F-4B6E-A928-EEF957E884E5}.Release|Any CPU.ActiveCfg = Release|Any CPU
		{265E58EE-CF4F-4B6E-A928-EEF957E884E5}.Release|Any CPU.Build.0 = Release|Any CPU
	EndGlobalSection
	GlobalSection(SolutionProperties) = preSolution
		HideSolutionNode = FALSE
	EndGlobalSection
EndGlobal
